// !$*UTF8*$!
{
	archiveVersion = 1;
	classes = {
	};
	objectVersion = 50;
	objects = {

/* Begin PBXBuildFile section */
		3B1E806A20FA60280078CB43 /* Global.swift in Sources */ = {isa = PBXBuildFile; fileRef = 3B1E806920FA60280078CB43 /* Global.swift */; };
		3B47359E20F50166001525D6 /* TwitCell.swift in Sources */ = {isa = PBXBuildFile; fileRef = 3B47359D20F50166001525D6 /* TwitCell.swift */; };
		3B4735A120F5022A001525D6 /* Tweet.swift in Sources */ = {isa = PBXBuildFile; fileRef = 3B4735A020F5022A001525D6 /* Tweet.swift */; };
		3B91140E20F4B05F00EAC4D3 /* AppDelegate.swift in Sources */ = {isa = PBXBuildFile; fileRef = 3B91140D20F4B05F00EAC4D3 /* AppDelegate.swift */; };
		3B91141020F4B05F00EAC4D3 /* ViewController.swift in Sources */ = {isa = PBXBuildFile; fileRef = 3B91140F20F4B05F00EAC4D3 /* ViewController.swift */; };
		3B91141320F4B05F00EAC4D3 /* Main.storyboard in Resources */ = {isa = PBXBuildFile; fileRef = 3B91141120F4B05F00EAC4D3 /* Main.storyboard */; };
		3B91141520F4B06000EAC4D3 /* Assets.xcassets in Resources */ = {isa = PBXBuildFile; fileRef = 3B91141420F4B06000EAC4D3 /* Assets.xcassets */; };
		3B91141820F4B06000EAC4D3 /* LaunchScreen.storyboard in Resources */ = {isa = PBXBuildFile; fileRef = 3B91141620F4B06000EAC4D3 /* LaunchScreen.storyboard */; };
		3B91142320F4B06100EAC4D3 /* TwitSplit_iOSTests.swift in Sources */ = {isa = PBXBuildFile; fileRef = 3B91142220F4B06100EAC4D3 /* TwitSplit_iOSTests.swift */; };
		3B91142E20F4B06100EAC4D3 /* TwitSplit_iOSUITests.swift in Sources */ = {isa = PBXBuildFile; fileRef = 3B91142D20F4B06100EAC4D3 /* TwitSplit_iOSUITests.swift */; };
		3B91144220F4B7DD00EAC4D3 /* UIViewController+extension.swift in Sources */ = {isa = PBXBuildFile; fileRef = 3B91144120F4B7DD00EAC4D3 /* UIViewController+extension.swift */; };
/* End PBXBuildFile section */

/* Begin PBXContainerItemProxy section */
		3B91141F20F4B06100EAC4D3 /* PBXContainerItemProxy */ = {
			isa = PBXContainerItemProxy;
			containerPortal = 3B91140220F4B05F00EAC4D3 /* Project object */;
			proxyType = 1;
			remoteGlobalIDString = 3B91140920F4B05F00EAC4D3;
			remoteInfo = "TwitSplit-iOS";
		};
		3B91142A20F4B06100EAC4D3 /* PBXContainerItemProxy */ = {
			isa = PBXContainerItemProxy;
			containerPortal = 3B91140220F4B05F00EAC4D3 /* Project object */;
			proxyType = 1;
			remoteGlobalIDString = 3B91140920F4B05F00EAC4D3;
			remoteInfo = "TwitSplit-iOS";
		};
/* End PBXContainerItemProxy section */

/* Begin PBXFileReference section */
		3B1E806920FA60280078CB43 /* Global.swift */ = {isa = PBXFileReference; lastKnownFileType = sourcecode.swift; path = Global.swift; sourceTree = "<group>"; };
		3B47359D20F50166001525D6 /* TwitCell.swift */ = {isa = PBXFileReference; fileEncoding = 4; lastKnownFileType = sourcecode.swift; path = TwitCell.swift; sourceTree = "<group>"; };
		3B4735A020F5022A001525D6 /* Tweet.swift */ = {isa = PBXFileReference; lastKnownFileType = sourcecode.swift; path = Tweet.swift; sourceTree = "<group>"; };
		3B91140A20F4B05F00EAC4D3 /* TwitSplit-iOS.app */ = {isa = PBXFileReference; explicitFileType = wrapper.application; includeInIndex = 0; path = "TwitSplit-iOS.app"; sourceTree = BUILT_PRODUCTS_DIR; };
		3B91140D20F4B05F00EAC4D3 /* AppDelegate.swift */ = {isa = PBXFileReference; lastKnownFileType = sourcecode.swift; path = AppDelegate.swift; sourceTree = "<group>"; };
		3B91140F20F4B05F00EAC4D3 /* ViewController.swift */ = {isa = PBXFileReference; lastKnownFileType = sourcecode.swift; path = ViewController.swift; sourceTree = "<group>"; };
		3B91141220F4B05F00EAC4D3 /* Base */ = {isa = PBXFileReference; lastKnownFileType = file.storyboard; name = Base; path = Base.lproj/Main.storyboard; sourceTree = "<group>"; };
		3B91141420F4B06000EAC4D3 /* Assets.xcassets */ = {isa = PBXFileReference; lastKnownFileType = folder.assetcatalog; path = Assets.xcassets; sourceTree = "<group>"; };
		3B91141720F4B06000EAC4D3 /* Base */ = {isa = PBXFileReference; lastKnownFileType = file.storyboard; name = Base; path = Base.lproj/LaunchScreen.storyboard; sourceTree = "<group>"; };
		3B91141920F4B06000EAC4D3 /* Info.plist */ = {isa = PBXFileReference; lastKnownFileType = text.plist.xml; path = Info.plist; sourceTree = "<group>"; };
		3B91141E20F4B06100EAC4D3 /* TwitSplit-iOSTests.xctest */ = {isa = PBXFileReference; explicitFileType = wrapper.cfbundle; includeInIndex = 0; path = "TwitSplit-iOSTests.xctest"; sourceTree = BUILT_PRODUCTS_DIR; };
		3B91142220F4B06100EAC4D3 /* TwitSplit_iOSTests.swift */ = {isa = PBXFileReference; lastKnownFileType = sourcecode.swift; path = TwitSplit_iOSTests.swift; sourceTree = "<group>"; };
		3B91142420F4B06100EAC4D3 /* Info.plist */ = {isa = PBXFileReference; lastKnownFileType = text.plist.xml; path = Info.plist; sourceTree = "<group>"; };
		3B91142920F4B06100EAC4D3 /* TwitSplit-iOSUITests.xctest */ = {isa = PBXFileReference; explicitFileType = wrapper.cfbundle; includeInIndex = 0; path = "TwitSplit-iOSUITests.xctest"; sourceTree = BUILT_PRODUCTS_DIR; };
		3B91142D20F4B06100EAC4D3 /* TwitSplit_iOSUITests.swift */ = {isa = PBXFileReference; lastKnownFileType = sourcecode.swift; path = TwitSplit_iOSUITests.swift; sourceTree = "<group>"; };
		3B91142F20F4B06100EAC4D3 /* Info.plist */ = {isa = PBXFileReference; lastKnownFileType = text.plist.xml; path = Info.plist; sourceTree = "<group>"; };
		3B91144120F4B7DD00EAC4D3 /* UIViewController+extension.swift */ = {isa = PBXFileReference; lastKnownFileType = sourcecode.swift; path = "UIViewController+extension.swift"; sourceTree = "<group>"; };
/* End PBXFileReference section */

/* Begin PBXFrameworksBuildPhase section */
		3B91140720F4B05F00EAC4D3 /* Frameworks */ = {
			isa = PBXFrameworksBuildPhase;
			buildActionMask = 2147483647;
			files = (
			);
			runOnlyForDeploymentPostprocessing = 0;
		};
		3B91141B20F4B06100EAC4D3 /* Frameworks */ = {
			isa = PBXFrameworksBuildPhase;
			buildActionMask = 2147483647;
			files = (
			);
			runOnlyForDeploymentPostprocessing = 0;
		};
		3B91142620F4B06100EAC4D3 /* Frameworks */ = {
			isa = PBXFrameworksBuildPhase;
			buildActionMask = 2147483647;
			files = (
			);
			runOnlyForDeploymentPostprocessing = 0;
		};
/* End PBXFrameworksBuildPhase section */

/* Begin PBXGroup section */
		3B47359C20F5014C001525D6 /* CustomViews */ = {
			isa = PBXGroup;
			children = (
				3B47359D20F50166001525D6 /* TwitCell.swift */,
			);
			path = CustomViews;
			sourceTree = "<group>";
		};
		3B47359F20F50217001525D6 /* Model */ = {
			isa = PBXGroup;
			children = (
				3B4735A020F5022A001525D6 /* Tweet.swift */,
			);
			path = Model;
			sourceTree = "<group>";
		};
		3B4735A220F50347001525D6 /* Extensions */ = {
			isa = PBXGroup;
			children = (
				3B91144120F4B7DD00EAC4D3 /* UIViewController+extension.swift */,
			);
			path = Extensions;
			sourceTree = "<group>";
		};
		3B91140120F4B05F00EAC4D3 = {
			isa = PBXGroup;
			children = (
				3B91140C20F4B05F00EAC4D3 /* TwitSplit-iOS */,
				3B91142120F4B06100EAC4D3 /* TwitSplit-iOSTests */,
				3B91142C20F4B06100EAC4D3 /* TwitSplit-iOSUITests */,
				3B91140B20F4B05F00EAC4D3 /* Products */,
			);
			sourceTree = "<group>";
		};
		3B91140B20F4B05F00EAC4D3 /* Products */ = {
			isa = PBXGroup;
			children = (
				3B91140A20F4B05F00EAC4D3 /* TwitSplit-iOS.app */,
				3B91141E20F4B06100EAC4D3 /* TwitSplit-iOSTests.xctest */,
				3B91142920F4B06100EAC4D3 /* TwitSplit-iOSUITests.xctest */,
			);
			name = Products;
			sourceTree = "<group>";
		};
		3B91140C20F4B05F00EAC4D3 /* TwitSplit-iOS */ = {
			isa = PBXGroup;
			children = (
				3B1E806920FA60280078CB43 /* Global.swift */,
				3B91140D20F4B05F00EAC4D3 /* AppDelegate.swift */,
				3B47359F20F50217001525D6 /* Model */,
				3B91144020F4B44C00EAC4D3 /* ViewControllers */,
				3B47359C20F5014C001525D6 /* CustomViews */,
				3B91141120F4B05F00EAC4D3 /* Main.storyboard */,
				3B91141420F4B06000EAC4D3 /* Assets.xcassets */,
				3B91141620F4B06000EAC4D3 /* LaunchScreen.storyboard */,
				3B91141920F4B06000EAC4D3 /* Info.plist */,
				3B4735A220F50347001525D6 /* Extensions */,
			);
			path = "TwitSplit-iOS";
			sourceTree = "<group>";
		};
		3B91142120F4B06100EAC4D3 /* TwitSplit-iOSTests */ = {
			isa = PBXGroup;
			children = (
				3B91142220F4B06100EAC4D3 /* TwitSplit_iOSTests.swift */,
				3B91142420F4B06100EAC4D3 /* Info.plist */,
			);
			path = "TwitSplit-iOSTests";
			sourceTree = "<group>";
		};
		3B91142C20F4B06100EAC4D3 /* TwitSplit-iOSUITests */ = {
			isa = PBXGroup;
			children = (
				3B91142D20F4B06100EAC4D3 /* TwitSplit_iOSUITests.swift */,
				3B91142F20F4B06100EAC4D3 /* Info.plist */,
			);
			path = "TwitSplit-iOSUITests";
			sourceTree = "<group>";
		};
		3B91144020F4B44C00EAC4D3 /* ViewControllers */ = {
			isa = PBXGroup;
			children = (
				3B91140F20F4B05F00EAC4D3 /* ViewController.swift */,
			);
			path = ViewControllers;
			sourceTree = "<group>";
		};
/* End PBXGroup section */

/* Begin PBXNativeTarget section */
		3B91140920F4B05F00EAC4D3 /* TwitSplit-iOS */ = {
			isa = PBXNativeTarget;
			buildConfigurationList = 3B91143220F4B06100EAC4D3 /* Build configuration list for PBXNativeTarget "TwitSplit-iOS" */;
			buildPhases = (
				3B91140620F4B05F00EAC4D3 /* Sources */,
				3B91140720F4B05F00EAC4D3 /* Frameworks */,
				3B91140820F4B05F00EAC4D3 /* Resources */,
			);
			buildRules = (
			);
			dependencies = (
			);
			name = "TwitSplit-iOS";
			productName = "TwitSplit-iOS";
			productReference = 3B91140A20F4B05F00EAC4D3 /* TwitSplit-iOS.app */;
			productType = "com.apple.product-type.application";
		};
		3B91141D20F4B06100EAC4D3 /* TwitSplit-iOSTests */ = {
			isa = PBXNativeTarget;
			buildConfigurationList = 3B91143520F4B06100EAC4D3 /* Build configuration list for PBXNativeTarget "TwitSplit-iOSTests" */;
			buildPhases = (
				3B91141A20F4B06100EAC4D3 /* Sources */,
				3B91141B20F4B06100EAC4D3 /* Frameworks */,
				3B91141C20F4B06100EAC4D3 /* Resources */,
			);
			buildRules = (
			);
			dependencies = (
				3B91142020F4B06100EAC4D3 /* PBXTargetDependency */,
			);
			name = "TwitSplit-iOSTests";
			productName = "TwitSplit-iOSTests";
			productReference = 3B91141E20F4B06100EAC4D3 /* TwitSplit-iOSTests.xctest */;
			productType = "com.apple.product-type.bundle.unit-test";
		};
		3B91142820F4B06100EAC4D3 /* TwitSplit-iOSUITests */ = {
			isa = PBXNativeTarget;
			buildConfigurationList = 3B91143820F4B06100EAC4D3 /* Build configuration list for PBXNativeTarget "TwitSplit-iOSUITests" */;
			buildPhases = (
				3B91142520F4B06100EAC4D3 /* Sources */,
				3B91142620F4B06100EAC4D3 /* Frameworks */,
				3B91142720F4B06100EAC4D3 /* Resources */,
			);
			buildRules = (
			);
			dependencies = (
				3B91142B20F4B06100EAC4D3 /* PBXTargetDependency */,
			);
			name = "TwitSplit-iOSUITests";
			productName = "TwitSplit-iOSUITests";
			productReference = 3B91142920F4B06100EAC4D3 /* TwitSplit-iOSUITests.xctest */;
			productType = "com.apple.product-type.bundle.ui-testing";
		};
/* End PBXNativeTarget section */

/* Begin PBXProject section */
		3B91140220F4B05F00EAC4D3 /* Project object */ = {
			isa = PBXProject;
			attributes = {
				LastSwiftUpdateCheck = 0940;
				LastUpgradeCheck = 0940;
				ORGANIZATIONNAME = MD;
				TargetAttributes = {
					3B91140920F4B05F00EAC4D3 = {
						CreatedOnToolsVersion = 9.4.1;
					};
					3B91141D20F4B06100EAC4D3 = {
						CreatedOnToolsVersion = 9.4.1;
						TestTargetID = 3B91140920F4B05F00EAC4D3;
					};
					3B91142820F4B06100EAC4D3 = {
						CreatedOnToolsVersion = 9.4.1;
						TestTargetID = 3B91140920F4B05F00EAC4D3;
					};
				};
			};
			buildConfigurationList = 3B91140520F4B05F00EAC4D3 /* Build configuration list for PBXProject "TwitSplit-iOS" */;
			compatibilityVersion = "Xcode 9.3";
			developmentRegion = en;
			hasScannedForEncodings = 0;
			knownRegions = (
				en,
				Base,
			);
			mainGroup = 3B91140120F4B05F00EAC4D3;
			productRefGroup = 3B91140B20F4B05F00EAC4D3 /* Products */;
			projectDirPath = "";
			projectRoot = "";
			targets = (
				3B91140920F4B05F00EAC4D3 /* TwitSplit-iOS */,
				3B91141D20F4B06100EAC4D3 /* TwitSplit-iOSTests */,
				3B91142820F4B06100EAC4D3 /* TwitSplit-iOSUITests */,
			);
		};
/* End PBXProject section */

/* Begin PBXResourcesBuildPhase section */
		3B91140820F4B05F00EAC4D3 /* Resources */ = {
			isa = PBXResourcesBuildPhase;
			buildActionMask = 2147483647;
			files = (
				3B91141820F4B06000EAC4D3 /* LaunchScreen.storyboard in Resources */,
				3B91141520F4B06000EAC4D3 /* Assets.xcassets in Resources */,
				3B91141320F4B05F00EAC4D3 /* Main.storyboard in Resources */,
			);
			runOnlyForDeploymentPostprocessing = 0;
		};
		3B91141C20F4B06100EAC4D3 /* Resources */ = {
			isa = PBXResourcesBuildPhase;
			buildActionMask = 2147483647;
			files = (
			);
			runOnlyForDeploymentPostprocessing = 0;
		};
		3B91142720F4B06100EAC4D3 /* Resources */ = {
			isa = PBXResourcesBuildPhase;
			buildActionMask = 2147483647;
			files = (
			);
			runOnlyForDeploymentPostprocessing = 0;
		};
/* End PBXResourcesBuildPhase section */

/* Begin PBXSourcesBuildPhase section */
		3B91140620F4B05F00EAC4D3 /* Sources */ = {
			isa = PBXSourcesBuildPhase;
			buildActionMask = 2147483647;
			files = (
				3B91141020F4B05F00EAC4D3 /* ViewController.swift in Sources */,
				3B4735A120F5022A001525D6 /* Tweet.swift in Sources */,
				3B1E806A20FA60280078CB43 /* Global.swift in Sources */,
				3B91144220F4B7DD00EAC4D3 /* UIViewController+extension.swift in Sources */,
				3B91140E20F4B05F00EAC4D3 /* AppDelegate.swift in Sources */,
				3B47359E20F50166001525D6 /* TwitCell.swift in Sources */,
			);
			runOnlyForDeploymentPostprocessing = 0;
		};
		3B91141A20F4B06100EAC4D3 /* Sources */ = {
			isa = PBXSourcesBuildPhase;
			buildActionMask = 2147483647;
			files = (
				3B91142320F4B06100EAC4D3 /* TwitSplit_iOSTests.swift in Sources */,
			);
			runOnlyForDeploymentPostprocessing = 0;
		};
		3B91142520F4B06100EAC4D3 /* Sources */ = {
			isa = PBXSourcesBuildPhase;
			buildActionMask = 2147483647;
			files = (
				3B91142E20F4B06100EAC4D3 /* TwitSplit_iOSUITests.swift in Sources */,
			);
			runOnlyForDeploymentPostprocessing = 0;
		};
/* End PBXSourcesBuildPhase section */

/* Begin PBXTargetDependency section */
		3B91142020F4B06100EAC4D3 /* PBXTargetDependency */ = {
			isa = PBXTargetDependency;
			target = 3B91140920F4B05F00EAC4D3 /* TwitSplit-iOS */;
			targetProxy = 3B91141F20F4B06100EAC4D3 /* PBXContainerItemProxy */;
		};
		3B91142B20F4B06100EAC4D3 /* PBXTargetDependency */ = {
			isa = PBXTargetDependency;
			target = 3B91140920F4B05F00EAC4D3 /* TwitSplit-iOS */;
			targetProxy = 3B91142A20F4B06100EAC4D3 /* PBXContainerItemProxy */;
		};
/* End PBXTargetDependency section */

/* Begin PBXVariantGroup section */
		3B91141120F4B05F00EAC4D3 /* Main.storyboard */ = {
			isa = PBXVariantGroup;
			children = (
				3B91141220F4B05F00EAC4D3 /* Base */,
			);
			name = Main.storyboard;
			sourceTree = "<group>";
		};
		3B91141620F4B06000EAC4D3 /* LaunchScreen.storyboard */ = {
			isa = PBXVariantGroup;
			children = (
				3B91141720F4B06000EAC4D3 /* Base */,
			);
			name = LaunchScreen.storyboard;
			sourceTree = "<group>";
		};
/* End PBXVariantGroup section */

/* Begin XCBuildConfiguration section */
		3B91143020F4B06100EAC4D3 /* Debug */ = {
			isa = XCBuildConfiguration;
			buildSettings = {
				ALWAYS_SEARCH_USER_PATHS = NO;
				CLANG_ANALYZER_NONNULL = YES;
				CLANG_ANALYZER_NUMBER_OBJECT_CONVERSION = YES_AGGRESSIVE;
				CLANG_CXX_LANGUAGE_STANDARD = "gnu++14";
				CLANG_CXX_LIBRARY = "libc++";
				CLANG_ENABLE_MODULES = YES;
				CLANG_ENABLE_OBJC_ARC = YES;
				CLANG_ENABLE_OBJC_WEAK = YES;
				CLANG_WARN_BLOCK_CAPTURE_AUTORELEASING = YES;
				CLANG_WARN_BOOL_CONVERSION = YES;
				CLANG_WARN_COMMA = YES;
				CLANG_WARN_CONSTANT_CONVERSION = YES;
				CLANG_WARN_DEPRECATED_OBJC_IMPLEMENTATIONS = YES;
				CLANG_WARN_DIRECT_OBJC_ISA_USAGE = YES_ERROR;
				CLANG_WARN_DOCUMENTATION_COMMENTS = YES;
				CLANG_WARN_EMPTY_BODY = YES;
				CLANG_WARN_ENUM_CONVERSION = YES;
				CLANG_WARN_INFINITE_RECURSION = YES;
				CLANG_WARN_INT_CONVERSION = YES;
				CLANG_WARN_NON_LITERAL_NULL_CONVERSION = YES;
				CLANG_WARN_OBJC_IMPLICIT_RETAIN_SELF = YES;
				CLANG_WARN_OBJC_LITERAL_CONVERSION = YES;
				CLANG_WARN_OBJC_ROOT_CLASS = YES_ERROR;
				CLANG_WARN_RANGE_LOOP_ANALYSIS = YES;
				CLANG_WARN_STRICT_PROTOTYPES = YES;
				CLANG_WARN_SUSPICIOUS_MOVE = YES;
				CLANG_WARN_UNGUARDED_AVAILABILITY = YES_AGGRESSIVE;
				CLANG_WARN_UNREACHABLE_CODE = YES;
				CLANG_WARN__DUPLICATE_METHOD_MATCH = YES;
				CODE_SIGN_IDENTITY = "iPhone Developer";
				COPY_PHASE_STRIP = NO;
				DEBUG_INFORMATION_FORMAT = dwarf;
				ENABLE_STRICT_OBJC_MSGSEND = YES;
				ENABLE_TESTABILITY = YES;
				GCC_C_LANGUAGE_STANDARD = gnu11;
				GCC_DYNAMIC_NO_PIC = NO;
				GCC_NO_COMMON_BLOCKS = YES;
				GCC_OPTIMIZATION_LEVEL = 0;
				GCC_PREPROCESSOR_DEFINITIONS = (
					"DEBUG=1",
					"$(inherited)",
				);
				GCC_WARN_64_TO_32_BIT_CONVERSION = YES;
				GCC_WARN_ABOUT_RETURN_TYPE = YES_ERROR;
				GCC_WARN_UNDECLARED_SELECTOR = YES;
				GCC_WARN_UNINITIALIZED_AUTOS = YES_AGGRESSIVE;
				GCC_WARN_UNUSED_FUNCTION = YES;
				GCC_WARN_UNUSED_VARIABLE = YES;
				IPHONEOS_DEPLOYMENT_TARGET = 11.4;
				MTL_ENABLE_DEBUG_INFO = YES;
				ONLY_ACTIVE_ARCH = YES;
				SDKROOT = iphoneos;
				SWIFT_ACTIVE_COMPILATION_CONDITIONS = DEBUG;
				SWIFT_OPTIMIZATION_LEVEL = "-Onone";
			};
			name = Debug;
		};
		3B91143120F4B06100EAC4D3 /* Release */ = {
			isa = XCBuildConfiguration;
			buildSettings = {
				ALWAYS_SEARCH_USER_PATHS = NO;
				CLANG_ANALYZER_NONNULL = YES;
				CLANG_ANALYZER_NUMBER_OBJECT_CONVERSION = YES_AGGRESSIVE;
				CLANG_CXX_LANGUAGE_STANDARD = "gnu++14";
				CLANG_CXX_LIBRARY = "libc++";
				CLANG_ENABLE_MODULES = YES;
				CLANG_ENABLE_OBJC_ARC = YES;
				CLANG_ENABLE_OBJC_WEAK = YES;
				CLANG_WARN_BLOCK_CAPTURE_AUTORELEASING = YES;
				CLANG_WARN_BOOL_CONVERSION = YES;
				CLANG_WARN_COMMA = YES;
				CLANG_WARN_CONSTANT_CONVERSION = YES;
				CLANG_WARN_DEPRECATED_OBJC_IMPLEMENTATIONS = YES;
				CLANG_WARN_DIRECT_OBJC_ISA_USAGE = YES_ERROR;
				CLANG_WARN_DOCUMENTATION_COMMENTS = YES;
				CLANG_WARN_EMPTY_BODY = YES;
				CLANG_WARN_ENUM_CONVERSION = YES;
				CLANG_WARN_INFINITE_RECURSION = YES;
				CLANG_WARN_INT_CONVERSION = YES;
				CLANG_WARN_NON_LITERAL_NULL_CONVERSION = YES;
				CLANG_WARN_OBJC_IMPLICIT_RETAIN_SELF = YES;
				CLANG_WARN_OBJC_LITERAL_CONVERSION = YES;
				CLANG_WARN_OBJC_ROOT_CLASS = YES_ERROR;
				CLANG_WARN_RANGE_LOOP_ANALYSIS = YES;
				CLANG_WARN_STRICT_PROTOTYPES = YES;
				CLANG_WARN_SUSPICIOUS_MOVE = YES;
				CLANG_WARN_UNGUARDED_AVAILABILITY = YES_AGGRESSIVE;
				CLANG_WARN_UNREACHABLE_CODE = YES;
				CLANG_WARN__DUPLICATE_METHOD_MATCH = YES;
				CODE_SIGN_IDENTITY = "iPhone Developer";
				COPY_PHASE_STRIP = NO;
				DEBUG_INFORMATION_FORMAT = "dwarf-with-dsym";
				ENABLE_NS_ASSERTIONS = NO;
				ENABLE_STRICT_OBJC_MSGSEND = YES;
				GCC_C_LANGUAGE_STANDARD = gnu11;
				GCC_NO_COMMON_BLOCKS = YES;
				GCC_WARN_64_TO_32_BIT_CONVERSION = YES;
				GCC_WARN_ABOUT_RETURN_TYPE = YES_ERROR;
				GCC_WARN_UNDECLARED_SELECTOR = YES;
				GCC_WARN_UNINITIALIZED_AUTOS = YES_AGGRESSIVE;
				GCC_WARN_UNUSED_FUNCTION = YES;
				GCC_WARN_UNUSED_VARIABLE = YES;
				IPHONEOS_DEPLOYMENT_TARGET = 11.4;
				MTL_ENABLE_DEBUG_INFO = NO;
				SDKROOT = iphoneos;
				SWIFT_COMPILATION_MODE = wholemodule;
				SWIFT_OPTIMIZATION_LEVEL = "-O";
				VALIDATE_PRODUCT = YES;
			};
			name = Release;
		};
		3B91143320F4B06100EAC4D3 /* Debug */ = {
			isa = XCBuildConfiguration;
			buildSettings = {
				ASSETCATALOG_COMPILER_APPICON_NAME = AppIcon;
				CODE_SIGN_STYLE = Manual;
				DEVELOPMENT_TEAM = "";
				INFOPLIST_FILE = "TwitSplit-iOS/Info.plist";
				LD_RUNPATH_SEARCH_PATHS = (
					"$(inherited)",
					"@executable_path/Frameworks",
				);
				PRODUCT_BUNDLE_IDENTIFIER = "com.md.TwitSplit-iOS";
				PRODUCT_NAME = "$(TARGET_NAME)";
				PROVISIONING_PROFILE_SPECIFIER = "";
				SWIFT_VERSION = 4.0;
				TARGETED_DEVICE_FAMILY = "1,2";
			};
			name = Debug;
		};
		3B91143420F4B06100EAC4D3 /* Release */ = {
			isa = XCBuildConfiguration;
			buildSettings = {
				ASSETCATALOG_COMPILER_APPICON_NAME = AppIcon;
				CODE_SIGN_STYLE = Manual;
				DEVELOPMENT_TEAM = "";
				INFOPLIST_FILE = "TwitSplit-iOS/Info.plist";
				LD_RUNPATH_SEARCH_PATHS = (
					"$(inherited)",
					"@executable_path/Frameworks",
				);
				PRODUCT_BUNDLE_IDENTIFIER = "com.md.TwitSplit-iOS";
				PRODUCT_NAME = "$(TARGET_NAME)";
				PROVISIONING_PROFILE_SPECIFIER = "";
				SWIFT_VERSION = 4.0;
				TARGETED_DEVICE_FAMILY = "1,2";
			};
			name = Release;
		};
		3B91143620F4B06100EAC4D3 /* Debug */ = {
			isa = XCBuildConfiguration;
			buildSettings = {
				ALWAYS_EMBED_SWIFT_STANDARD_LIBRARIES = YES;
				BUNDLE_LOADER = "$(TEST_HOST)";
				CODE_SIGN_STYLE = Automatic;
				INFOPLIST_FILE = "TwitSplit-iOSTests/Info.plist";
				LD_RUNPATH_SEARCH_PATHS = (
					"$(inherited)",
					"@executable_path/Frameworks",
					"@loader_path/Frameworks",
				);
				PRODUCT_BUNDLE_IDENTIFIER = "com.md.TwitSplit-iOSTests";
				PRODUCT_NAME = "$(TARGET_NAME)";
				SWIFT_VERSION = 4.0;
				TARGETED_DEVICE_FAMILY = "1,2";
				TEST_HOST = "$(BUILT_PRODUCTS_DIR)/TwitSplit-iOS.app/TwitSplit-iOS";
			};
			name = Debug;
		};
		3B91143720F4B06100EAC4D3 /* Release */ = {
			isa = XCBuildConfiguration;
			buildSettings = {
				ALWAYS_EMBED_SWIFT_STANDARD_LIBRARIES = YES;
				BUNDLE_LOADER = "$(TEST_HOST)";
				CODE_SIGN_STYLE = Automatic;
				INFOPLIST_FILE = "TwitSplit-iOSTests/Info.plist";
				LD_RUNPATH_SEARCH_PATHS = (
					"$(inherited)",
					"@executable_path/Frameworks",
					"@loader_path/Frameworks",
				);
				PRODUCT_BUNDLE_IDENTIFIER = "com.md.TwitSplit-iOSTests";
				PRODUCT_NAME = "$(TARGET_NAME)";
				SWIFT_VERSION = 4.0;
				TARGETED_DEVICE_FAMILY = "1,2";
				TEST_HOST = "$(BUILT_PRODUCTS_DIR)/TwitSplit-iOS.app/TwitSplit-iOS";
			};
			name = Release;
		};
		3B91143920F4B06100EAC4D3 /* Debug */ = {
			isa = XCBuildConfiguration;
			buildSettings = {
				ALWAYS_EMBED_SWIFT_STANDARD_LIBRARIES = YES;
				CODE_SIGN_STYLE = Automatic;
				INFOPLIST_FILE = "TwitSplit-iOSUITests/Info.plist";
				LD_RUNPATH_SEARCH_PATHS = (
					"$(inherited)",
					"@executable_path/Frameworks",
					"@loader_path/Frameworks",
				);
				PRODUCT_BUNDLE_IDENTIFIER = "com.md.TwitSplit-iOSUITests";
				PRODUCT_NAME = "$(TARGET_NAME)";
				SWIFT_VERSION = 4.0;
				TARGETED_DEVICE_FAMILY = "1,2";
				TEST_TARGET_NAME = "TwitSplit-iOS";
			};
			name = Debug;
		};
		3B91143A20F4B06100EAC4D3 /* Release */ = {
			isa = XCBuildConfiguration;
			buildSettings = {
				ALWAYS_EMBED_SWIFT_STANDARD_LIBRARIES = YES;
				CODE_SIGN_STYLE = Automatic;
				INFOPLIST_FILE = "TwitSplit-iOSUITests/Info.plist";
				LD_RUNPATH_SEARCH_PATHS = (
					"$(inherited)",
					"@executable_path/Frameworks",
					"@loader_path/Frameworks",
				);
				PRODUCT_BUNDLE_IDENTIFIER = "com.md.TwitSplit-iOSUITests";
				PRODUCT_NAME = "$(TARGET_NAME)";
				SWIFT_VERSION = 4.0;
				TARGETED_DEVICE_FAMILY = "1,2";
				TEST_TARGET_NAME = "TwitSplit-iOS";
			};
			name = Release;
		};
/* End XCBuildConfiguration section */

/* Begin XCConfigurationList section */
		3B91140520F4B05F00EAC4D3 /* Build configuration list for PBXProject "TwitSplit-iOS" */ = {
			isa = XCConfigurationList;
			buildConfigurations = (
				3B91143020F4B06100EAC4D3 /* Debug */,
				3B91143120F4B06100EAC4D3 /* Release */,
			);
			defaultConfigurationIsVisible = 0;
			defaultConfigurationName = Release;
		};
		3B91143220F4B06100EAC4D3 /* Build configuration list for PBXNativeTarget "TwitSplit-iOS" */ = {
			isa = XCConfigurationList;
			buildConfigurations = (
				3B91143320F4B06100EAC4D3 /* Debug */,
				3B91143420F4B06100EAC4D3 /* Release */,
			);
			defaultConfigurationIsVisible = 0;
			defaultConfigurationName = Release;
		};
		3B91143520F4B06100EAC4D3 /* Build configuration list for PBXNativeTarget "TwitSplit-iOSTests" */ = {
			isa = XCConfigurationList;
			buildConfigurations = (
				3B91143620F4B06100EAC4D3 /* Debug */,
				3B91143720F4B06100EAC4D3 /* Release */,
			);
			defaultConfigurationIsVisible = 0;
			defaultConfigurationName = Release;
		};
		3B91143820F4B06100EAC4D3 /* Build configuration list for PBXNativeTarget "TwitSplit-iOSUITests" */ = {
			isa = XCConfigurationList;
			buildConfigurations = (
				3B91143920F4B06100EAC4D3 /* Debug */,
				3B91143A20F4B06100EAC4D3 /* Release */,
			);
			defaultConfigurationIsVisible = 0;
			defaultConfigurationName = Release;
		};
/* End XCConfigurationList section */
	};
	rootObject = 3B91140220F4B05F00EAC4D3 /* Project object */;
}
